
Microsoft Visual Studio Solution File, Format Version 12.00
# Visual Studio Version 17
VisualStudioVersion = 17.7.34202.233
MinimumVisualStudioVersion = 10.0.40219.1
Project("{9A19103F-16F7-4668-BE54-9A1E7A4F7556}") = "AraujoMaterialConstrucao", "AraujoMaterialConstrucao\AraujoMaterialConstrucao.csproj", "{522D7965-465F-4547-9AB7-A1D47C0FBE5B}"
EndProject
Global
	GlobalSection(SolutionConfigurationPlatforms) = preSolution
		Debug|Any CPU = Debug|Any CPU
		Release|Any CPU = Release|Any CPU
	EndGlobalSection
	GlobalSection(ProjectConfigurationPlatforms) = postSolution
		{522D7965-465F-4547-9AB7-A1D47C0FBE5B}.Debug|Any CPU.ActiveCfg = Debug|Any CPU
		{522D7965-465F-4547-9AB7-A1D47C0FBE5B}.Debug|Any CPU.Build.0 = Debug|Any CPU
		{522D7965-465F-4547-9AB7-A1D47C0FBE5B}.Release|Any CPU.ActiveCfg = Release|Any CPU
		{522D7965-465F-4547-9AB7-A1D47C0FBE5B}.Release|Any CPU.Build.0 = Release|Any CPU
	EndGlobalSection
	GlobalSection(SolutionProperties) = preSolution
		HideSolutionNode = FALSE
	EndGlobalSection
	GlobalSection(ExtensibilityGlobals) = postSolution
		SolutionGuid = {92F8B870-E3A9-403B-949E-1D038C428F7E}
	EndGlobalSection
EndGlobal
